// !$*UTF8*$!
{
	archiveVersion = 1;
	classes = {
	};
	objectVersion = 77;
	objects = {

/* Begin PBXBuildFile section */
		2222BD9F2DAF2A2700E96621 /* Pods_iosTest.framework in Frameworks */ = {isa = PBXBuildFile; fileRef = BBDAC5BB73813B6EA9D3AD33 /* Pods_iosTest.framework */; };
		2222BDAC2DAF2EF900E96621 /* RxCocoa in Frameworks */ = {isa = PBXBuildFile; productRef = 2222BDAB2DAF2EF900E96621 /* RxCocoa */; };
		2222BDAE2DAF2EF900E96621 /* RxSwift in Frameworks */ = {isa = PBXBuildFile; productRef = 2222BDAD2DAF2EF900E96621 /* RxSwift */; };
		2222BDBE2DAF47BE00E96621 /* RxCocoa in Frameworks */ = {isa = PBXBuildFile; productRef = 2222BDBD2DAF47BE00E96621 /* RxCocoa */; };
		2222BDC02DAF47BF00E96621 /* RxSwift in Frameworks */ = {isa = PBXBuildFile; productRef = 2222BDBF2DAF47BF00E96621 /* RxSwift */; };
/* End PBXBuildFile section */

/* Begin PBXFileReference section */
		2222BD4B2DAF27A000E96621 /* iosTest.app */ = {isa = PBXFileReference; explicitFileType = wrapper.application; includeInIndex = 0; path = iosTest.app; sourceTree = BUILT_PRODUCTS_DIR; };
		716E2D0D4222737C299CEEB6 /* Pods-iosTest.debug.xcconfig */ = {isa = PBXFileReference; includeInIndex = 1; lastKnownFileType = text.xcconfig; name = "Pods-iosTest.debug.xcconfig"; path = "Target Support Files/Pods-iosTest/Pods-iosTest.debug.xcconfig"; sourceTree = "<group>"; };
		860C640DC145D5F95CEBD525 /* Pods-iosTest.release.xcconfig */ = {isa = PBXFileReference; includeInIndex = 1; lastKnownFileType = text.xcconfig; name = "Pods-iosTest.release.xcconfig"; path = "Target Support Files/Pods-iosTest/Pods-iosTest.release.xcconfig"; sourceTree = "<group>"; };
		BBDAC5BB73813B6EA9D3AD33 /* Pods_iosTest.framework */ = {isa = PBXFileReference; explicitFileType = wrapper.framework; includeInIndex = 0; path = Pods_iosTest.framework; sourceTree = BUILT_PRODUCTS_DIR; };
/* End PBXFileReference section */

/* Begin PBXFileSystemSynchronizedBuildFileExceptionSet section */
		2222BD602DAF27A100E96621 /* Exceptions for "iosTest" folder in "iosTest" target */ = {
			isa = PBXFileSystemSynchronizedBuildFileExceptionSet;
			membershipExceptions = (
				Info.plist,
			);
			target = 2222BD4A2DAF27A000E96621 /* iosTest */;
		};
/* End PBXFileSystemSynchronizedBuildFileExceptionSet section */

/* Begin PBXFileSystemSynchronizedRootGroup section */
		2222BD4D2DAF27A000E96621 /* iosTest */ = {
			isa = PBXFileSystemSynchronizedRootGroup;
			exceptions = (
				2222BD602DAF27A100E96621 /* Exceptions for "iosTest" folder in "iosTest" target */,
			);
			path = iosTest;
			sourceTree = "<group>";
		};
/* End PBXFileSystemSynchronizedRootGroup section */

/* Begin PBXFrameworksBuildPhase section */
		2222BD482DAF27A000E96621 /* Frameworks */ = {
			isa = PBXFrameworksBuildPhase;
			buildActionMask = 2147483647;
			files = (
				2222BDAE2DAF2EF900E96621 /* RxSwift in Frameworks */,
				2222BDAC2DAF2EF900E96621 /* RxCocoa in Frameworks */,
				2222BDC02DAF47BF00E96621 /* RxSwift in Frameworks */,
				2222BDBE2DAF47BE00E96621 /* RxCocoa in Frameworks */,
				2222BD9F2DAF2A2700E96621 /* Pods_iosTest.framework in Frameworks */,
			);
			runOnlyForDeploymentPostprocessing = 0;
		};
/* End PBXFrameworksBuildPhase section */

/* Begin PBXGroup section */
		2222BD422DAF27A000E96621 = {
			isa = PBXGroup;
			children = (
				2222BD4D2DAF27A000E96621 /* iosTest */,
				2222BD4C2DAF27A000E96621 /* Products */,
				C60CF7DF9B4556A2B68C9561 /* Pods */,
				7C226B9B4563BDBF729524DF /* Frameworks */,
			);
			sourceTree = "<group>";
		};
		2222BD4C2DAF27A000E96621 /* Products */ = {
			isa = PBXGroup;
			children = (
				2222BD4B2DAF27A000E96621 /* iosTest.app */,
			);
			name = Products;
			sourceTree = "<group>";
		};
		7C226B9B4563BDBF729524DF /* Frameworks */ = {
			isa = PBXGroup;
			children = (
				BBDAC5BB73813B6EA9D3AD33 /* Pods_iosTest.framework */,
			);
			name = Frameworks;
			sourceTree = "<group>";
		};
		C60CF7DF9B4556A2B68C9561 /* Pods */ = {
			isa = PBXGroup;
			children = (
				716E2D0D4222737C299CEEB6 /* Pods-iosTest.debug.xcconfig */,
				860C640DC145D5F95CEBD525 /* Pods-iosTest.release.xcconfig */,
			);
			path = Pods;
			sourceTree = "<group>";
		};
/* End PBXGroup section */

/* Begin PBXNativeTarget section */
		2222BD4A2DAF27A000E96621 /* iosTest */ = {
			isa = PBXNativeTarget;
			buildConfigurationList = 2222BD612DAF27A100E96621 /* Build configuration list for PBXNativeTarget "iosTest" */;
			buildPhases = (
				D0EBEEA4230634F04430A471 /* [CP] Check Pods Manifest.lock */,
				2222BD472DAF27A000E96621 /* Sources */,
				2222BD482DAF27A000E96621 /* Frameworks */,
				2222BD492DAF27A000E96621 /* Resources */,
				BE6478B64A061221907F60D0 /* [CP] Embed Pods Frameworks */,
			);
			buildRules = (
			);
			dependencies = (
			);
			fileSystemSynchronizedGroups = (
				2222BD4D2DAF27A000E96621 /* iosTest */,
			);
			name = iosTest;
			productName = iosTest;
			productReference = 2222BD4B2DAF27A000E96621 /* iosTest.app */;
			productType = "com.apple.product-type.application";
		};
/* End PBXNativeTarget section */

/* Begin PBXProject section */
		2222BD432DAF27A000E96621 /* Project object */ = {
			isa = PBXProject;
			attributes = {
				BuildIndependentTargetsInParallel = 1;
				LastSwiftUpdateCheck = 1620;
				LastUpgradeCheck = 1620;
				TargetAttributes = {
					2222BD4A2DAF27A000E96621 = {
						CreatedOnToolsVersion = 16.2;
					};
				};
			};
			buildConfigurationList = 2222BD462DAF27A000E96621 /* Build configuration list for PBXProject "iosTest" */;
			developmentRegion = en;
			hasScannedForEncodings = 0;
			knownRegions = (
				en,
				Base,
			);
			mainGroup = 2222BD422DAF27A000E96621;
			minimizedProjectReferenceProxies = 1;
			packageReferences = (
				2222BDBC2DAF47BE00E96621 /* XCRemoteSwiftPackageReference "RxSwift" */,
			);
			preferredProjectObjectVersion = 77;
			productRefGroup = 2222BD4C2DAF27A000E96621 /* Products */;
			projectDirPath = "";
			projectRoot = "";
			targets = (
				2222BD4A2DAF27A000E96621 /* iosTest */,
			);
		};
/* End PBXProject section */

/* Begin PBXResourcesBuildPhase section */
		2222BD492DAF27A000E96621 /* Resources */ = {
			isa = PBXResourcesBuildPhase;
			buildActionMask = 2147483647;
			files = (
			);
			runOnlyForDeploymentPostprocessing = 0;
		};
/* End PBXResourcesBuildPhase section */

/* Begin PBXShellScriptBuildPhase section */
		BE6478B64A061221907F60D0 /* [CP] Embed Pods Frameworks */ = {
			isa = PBXShellScriptBuildPhase;
			buildActionMask = 2147483647;
			files = (
			);
			inputFileListPaths = (
				"${PODS_ROOT}/Target Support Files/Pods-iosTest/Pods-iosTest-frameworks-${CONFIGURATION}-input-files.xcfilelist",
			);
			name = "[CP] Embed Pods Frameworks";
			outputFileListPaths = (
				"${PODS_ROOT}/Target Support Files/Pods-iosTest/Pods-iosTest-frameworks-${CONFIGURATION}-output-files.xcfilelist",
			);
			runOnlyForDeploymentPostprocessing = 0;
			shellPath = /bin/sh;
			shellScript = "\"${PODS_ROOT}/Target Support Files/Pods-iosTest/Pods-iosTest-frameworks.sh\"\n";
			showEnvVarsInLog = 0;
		};
		D0EBEEA4230634F04430A471 /* [CP] Check Pods Manifest.lock */ = {
			isa = PBXShellScriptBuildPhase;
			buildActionMask = 2147483647;
			files = (
			);
			inputFileListPaths = (
			);
			inputPaths = (
				"${PODS_PODFILE_DIR_PATH}/Podfile.lock",
				"${PODS_ROOT}/Manifest.lock",
			);
			name = "[CP] Check Pods Manifest.lock";
			outputFileListPaths = (
			);
			outputPaths = (
				"$(DERIVED_FILE_DIR)/Pods-iosTest-checkManifestLockResult.txt",
			);
			runOnlyForDeploymentPostprocessing = 0;
			shellPath = /bin/sh;
			shellScript = "diff \"${PODS_PODFILE_DIR_PATH}/Podfile.lock\" \"${PODS_ROOT}/Manifest.lock\" > /dev/null\nif [ $? != 0 ] ; then\n    # print error to STDERR\n    echo \"error: The sandbox is not in sync with the Podfile.lock. Run 'pod install' or update your CocoaPods installation.\" >&2\n    exit 1\nfi\n# This output is used by Xcode 'outputs' to avoid re-running this script phase.\necho \"SUCCESS\" > \"${SCRIPT_OUTPUT_FILE_0}\"\n";
			showEnvVarsInLog = 0;
		};
/* End PBXShellScriptBuildPhase section */

/* Begin PBXSourcesBuildPhase section */
		2222BD472DAF27A000E96621 /* Sources */ = {
			isa = PBXSourcesBuildPhase;
			buildActionMask = 2147483647;
			files = (
			);
			runOnlyForDeploymentPostprocessing = 0;
		};
/* End PBXSourcesBuildPhase section */

/* Begin XCBuildConfiguration section */
		2222BD622DAF27A100E96621 /* Debug */ = {
			isa = XCBuildConfiguration;
			baseConfigurationReference = 716E2D0D4222737C299CEEB6 /* Pods-iosTest.debug.xcconfig */;
			buildSettings = {
				ASSETCATALOG_COMPILER_APPICON_NAME = AppIcon;
				ASSETCATALOG_COMPILER_GLOBAL_ACCENT_COLOR_NAME = AccentColor;
				CODE_SIGN_STYLE = Automatic;
				CURRENT_PROJECT_VERSION = 1;
				DEVELOPMENT_TEAM = JQS4797YPX;
				ENABLE_USER_SCRIPT_SANDBOXING = NO;
				GENERATE_INFOPLIST_FILE = YES;
				INFOPLIST_FILE = iosTest/Info.plist;
				INFOPLIST_KEY_UIApplicationSupportsIndirectInputEvents = YES;
				INFOPLIST_KEY_UILaunchStoryboardName = LaunchScreen;
				INFOPLIST_KEY_UIMainStoryboardFile = Main;
				INFOPLIST_KEY_UISupportedInterfaceOrientations_iPad = "UIInterfaceOrientationPortrait UIInterfaceOrientationPortraitUpsideDown UIInterfaceOrientationLandscapeLeft UIInterfaceOrientationLandscapeRight";
				INFOPLIST_KEY_UISupportedInterfaceOrientations_iPhone = "UIInterfaceOrientationPortrait UIInterfaceOrientationLandscapeLeft UIInterfaceOrientationLandscapeRight";
				IPHONEOS_DEPLOYMENT_TARGET = 18;
				LD_RUNPATH_SEARCH_PATHS = (
					"$(inherited)",
					"@executable_path/Frameworks",
				);
				MARKETING_VERSION = 1.0;
				PRODUCT_BUNDLE_IDENTIFIER = app.prueba.com.iosTest;
				PRODUCT_NAME = "$(TARGET_NAME)";
				SWIFT_EMIT_LOC_STRINGS = YES;
				SWIFT_VERSION = 5.0;
				TARGETED_DEVICE_FAMILY = "1,2";
			};
			name = Debug;
		};
		2222BD632DAF27A100E96621 /* Release */ = {
			isa = XCBuildConfiguration;
			baseConfigurationReference = 860C640DC145D5F95CEBD525 /* Pods-iosTest.release.xcconfig */;
			buildSettings = {
				ASSETCATALOG_COMPILER_APPICON_NAME = AppIcon;
				ASSETCATALOG_COMPILER_GLOBAL_ACCENT_COLOR_NAME = AccentColor;
				CODE_SIGN_STYLE = Automatic;
				CURRENT_PROJECT_VERSION = 1;
				DEVELOPMENT_TEAM = JQS4797YPX;
				ENABLE_USER_SCRIPT_SANDBOXING = NO;
				GENERATE_INFOPLIST_FILE = YES;
				INFOPLIST_FILE = iosTest/Info.plist;
				INFOPLIST_KEY_UIApplicationSupportsIndirectInputEvents = YES;
				INFOPLIST_KEY_UILaunchStoryboardName = LaunchScreen;
				INFOPLIST_KEY_UIMainStoryboardFile = Main;
				INFOPLIST_KEY_UISupportedInterfaceOrientations_iPad = "UIInterfaceOrientationPortrait UIInterfaceOrientationPortraitUpsideDown UIInterfaceOrientationLandscapeLeft UIInterfaceOrientationLandscapeRight";
				INFOPLIST_KEY_UISupportedInterfaceOrientations_iPhone = "UIInterfaceOrientationPortrait UIInterfaceOrientationLandscapeLeft UIInterfaceOrientationLandscapeRight";
				IPHONEOS_DEPLOYMENT_TARGET = 18;
				LD_RUNPATH_SEARCH_PATHS = (
					"$(inherited)",
					"@executable_path/Frameworks",
				);
				MARKETING_VERSION = 1.0;
				PRODUCT_BUNDLE_IDENTIFIER = app.prueba.com.iosTest;
				PRODUCT_NAME = "$(TARGET_NAME)";
				SWIFT_EMIT_LOC_STRINGS = YES;
				SWIFT_VERSION = 5.0;
				TARGETED_DEVICE_FAMILY = "1,2";
			};
			name = Release;
		};
		2222BD642DAF27A100E96621 /* Debug */ = {
			isa = XCBuildConfiguration;
			buildSettings = {
				ALWAYS_SEARCH_USER_PATHS = NO;
				ASSETCATALOG_COMPILER_GENERATE_SWIFT_ASSET_SYMBOL_EXTENSIONS = YES;
				CLANG_ANALYZER_NONNULL = YES;
				CLANG_ANALYZER_NUMBER_OBJECT_CONVERSION = YES_AGGRESSIVE;
				CLANG_CXX_LANGUAGE_STANDARD = "gnu++20";
				CLANG_ENABLE_MODULES = YES;
				CLANG_ENABLE_OBJC_ARC = YES;
				CLANG_ENABLE_OBJC_WEAK = YES;
				CLANG_WARN_BLOCK_CAPTURE_AUTORELEASING = YES;
				CLANG_WARN_BOOL_CONVERSION = YES;
				CLANG_WARN_COMMA = YES;
				CLANG_WARN_CONSTANT_CONVERSION = YES;
				CLANG_WARN_DEPRECATED_OBJC_IMPLEMENTATIONS = YES;
				CLANG_WARN_DIRECT_OBJC_ISA_USAGE = YES_ERROR;
				CLANG_WARN_DOCUMENTATION_COMMENTS = YES;
				CLANG_WARN_EMPTY_BODY = YES;
				CLANG_WARN_ENUM_CONVERSION = YES;
				CLANG_WARN_INFINITE_RECURSION = YES;
				CLANG_WARN_INT_CONVERSION = YES;
				CLANG_WARN_NON_LITERAL_NULL_CONVERSION = YES;
				CLANG_WARN_OBJC_IMPLICIT_RETAIN_SELF = YES;
				CLANG_WARN_OBJC_LITERAL_CONVERSION = YES;
				CLANG_WARN_OBJC_ROOT_CLASS = YES_ERROR;
				CLANG_WARN_QUOTED_INCLUDE_IN_FRAMEWORK_HEADER = YES;
				CLANG_WARN_RANGE_LOOP_ANALYSIS = YES;
				CLANG_WARN_STRICT_PROTOTYPES = YES;
				CLANG_WARN_SUSPICIOUS_MOVE = YES;
				CLANG_WARN_UNGUARDED_AVAILABILITY = YES_AGGRESSIVE;
				CLANG_WARN_UNREACHABLE_CODE = YES;
				CLANG_WARN__DUPLICATE_METHOD_MATCH = YES;
				COPY_PHASE_STRIP = NO;
				DEBUG_INFORMATION_FORMAT = dwarf;
				ENABLE_STRICT_OBJC_MSGSEND = YES;
				ENABLE_TESTABILITY = YES;
				ENABLE_USER_SCRIPT_SANDBOXING = YES;
				GCC_C_LANGUAGE_STANDARD = gnu17;
				GCC_DYNAMIC_NO_PIC = NO;
				GCC_NO_COMMON_BLOCKS = YES;
				GCC_OPTIMIZATION_LEVEL = 0;
				GCC_PREPROCESSOR_DEFINITIONS = (
					"DEBUG=1",
					"$(inherited)",
				);
				GCC_WARN_64_TO_32_BIT_CONVERSION = YES;
				GCC_WARN_ABOUT_RETURN_TYPE = YES_ERROR;
				GCC_WARN_UNDECLARED_SELECTOR = YES;
				GCC_WARN_UNINITIALIZED_AUTOS = YES_AGGRESSIVE;
				GCC_WARN_UNUSED_FUNCTION = YES;
				GCC_WARN_UNUSED_VARIABLE = YES;
				IPHONEOS_DEPLOYMENT_TARGET = 18.2;
				LOCALIZATION_PREFERS_STRING_CATALOGS = YES;
				MTL_ENABLE_DEBUG_INFO = INCLUDE_SOURCE;
				MTL_FAST_MATH = YES;
				ONLY_ACTIVE_ARCH = YES;
				SDKROOT = iphoneos;
				SWIFT_ACTIVE_COMPILATION_CONDITIONS = "DEBUG $(inherited)";
				SWIFT_OPTIMIZATION_LEVEL = "-Onone";
			};
			name = Debug;
		};
		2222BD652DAF27A100E96621 /* Release */ = {
			isa = XCBuildConfiguration;
			buildSettings = {
				ALWAYS_SEARCH_USER_PATHS = NO;
				ASSETCATALOG_COMPILER_GENERATE_SWIFT_ASSET_SYMBOL_EXTENSIONS = YES;
				CLANG_ANALYZER_NONNULL = YES;
				CLANG_ANALYZER_NUMBER_OBJECT_CONVERSION = YES_AGGRESSIVE;
				CLANG_CXX_LANGUAGE_STANDARD = "gnu++20";
				CLANG_ENABLE_MODULES = YES;
				CLANG_ENABLE_OBJC_ARC = YES;
				CLANG_ENABLE_OBJC_WEAK = YES;
				CLANG_WARN_BLOCK_CAPTURE_AUTORELEASING = YES;
				CLANG_WARN_BOOL_CONVERSION = YES;
				CLANG_WARN_COMMA = YES;
				CLANG_WARN_CONSTANT_CONVERSION = YES;
				CLANG_WARN_DEPRECATED_OBJC_IMPLEMENTATIONS = YES;
				CLANG_WARN_DIRECT_OBJC_ISA_USAGE = YES_ERROR;
				CLANG_WARN_DOCUMENTATION_COMMENTS = YES;
				CLANG_WARN_EMPTY_BODY = YES;
				CLANG_WARN_ENUM_CONVERSION = YES;
				CLANG_WARN_INFINITE_RECURSION = YES;
				CLANG_WARN_INT_CONVERSION = YES;
				CLANG_WARN_NON_LITERAL_NULL_CONVERSION = YES;
				CLANG_WARN_OBJC_IMPLICIT_RETAIN_SELF = YES;
				CLANG_WARN_OBJC_LITERAL_CONVERSION = YES;
				CLANG_WARN_OBJC_ROOT_CLASS = YES_ERROR;
				CLANG_WARN_QUOTED_INCLUDE_IN_FRAMEWORK_HEADER = YES;
				CLANG_WARN_RANGE_LOOP_ANALYSIS = YES;
				CLANG_WARN_STRICT_PROTOTYPES = YES;
				CLANG_WARN_SUSPICIOUS_MOVE = YES;
				CLANG_WARN_UNGUARDED_AVAILABILITY = YES_AGGRESSIVE;
				CLANG_WARN_UNREACHABLE_CODE = YES;
				CLANG_WARN__DUPLICATE_METHOD_MATCH = YES;
				COPY_PHASE_STRIP = NO;
				DEBUG_INFORMATION_FORMAT = "dwarf-with-dsym";
				ENABLE_NS_ASSERTIONS = NO;
				ENABLE_STRICT_OBJC_MSGSEND = YES;
				ENABLE_USER_SCRIPT_SANDBOXING = YES;
				GCC_C_LANGUAGE_STANDARD = gnu17;
				GCC_NO_COMMON_BLOCKS = YES;
				GCC_WARN_64_TO_32_BIT_CONVERSION = YES;
				GCC_WARN_ABOUT_RETURN_TYPE = YES_ERROR;
				GCC_WARN_UNDECLARED_SELECTOR = YES;
				GCC_WARN_UNINITIALIZED_AUTOS = YES_AGGRESSIVE;
				GCC_WARN_UNUSED_FUNCTION = YES;
				GCC_WARN_UNUSED_VARIABLE = YES;
				IPHONEOS_DEPLOYMENT_TARGET = 18.2;
				LOCALIZATION_PREFERS_STRING_CATALOGS = YES;
				MTL_ENABLE_DEBUG_INFO = NO;
				MTL_FAST_MATH = YES;
				SDKROOT = iphoneos;
				SWIFT_COMPILATION_MODE = wholemodule;
				VALIDATE_PRODUCT = YES;
			};
			name = Release;
		};
/* End XCBuildConfiguration section */

/* Begin XCConfigurationList section */
		2222BD462DAF27A000E96621 /* Build configuration list for PBXProject "iosTest" */ = {
			isa = XCConfigurationList;
			buildConfigurations = (
				2222BD642DAF27A100E96621 /* Debug */,
				2222BD652DAF27A100E96621 /* Release */,
			);
			defaultConfigurationIsVisible = 0;
			defaultConfigurationName = Release;
		};
		2222BD612DAF27A100E96621 /* Build configuration list for PBXNativeTarget "iosTest" */ = {
			isa = XCConfigurationList;
			buildConfigurations = (
				2222BD622DAF27A100E96621 /* Debug */,
				2222BD632DAF27A100E96621 /* Release */,
			);
			defaultConfigurationIsVisible = 0;
			defaultConfigurationName = Release;
		};
/* End XCConfigurationList section */

/* Begin XCRemoteSwiftPackageReference section */
		2222BDAA2DAF2EF900E96621 /* XCRemoteSwiftPackageReference "RxSwift" */ = {
			isa = XCRemoteSwiftPackageReference;
			repositoryURL = "https://github.com/ReactiveX/RxSwift";
			requirement = {
				kind = upToNextMajorVersion;
				minimumVersion = 6.9.0;
			};
		};
		2222BDBC2DAF47BE00E96621 /* XCRemoteSwiftPackageReference "RxSwift" */ = {
			isa = XCRemoteSwiftPackageReference;
			repositoryURL = "https://github.com/ReactiveX/RxSwift";
			requirement = {
				kind = upToNextMajorVersion;
				minimumVersion = 6.9.0;
			};
		};
/* End XCRemoteSwiftPackageReference section */

/* Begin XCSwiftPackageProductDependency section */
		2222BDAB2DAF2EF900E96621 /* RxCocoa */ = {
			isa = XCSwiftPackageProductDependency;
			package = 2222BDAA2DAF2EF900E96621 /* XCRemoteSwiftPackageReference "RxSwift" */;
			productName = RxCocoa;
		};
		2222BDAD2DAF2EF900E96621 /* RxSwift */ = {
			isa = XCSwiftPackageProductDependency;
			package = 2222BDAA2DAF2EF900E96621 /* XCRemoteSwiftPackageReference "RxSwift" */;
			productName = RxSwift;
		};
		2222BDBD2DAF47BE00E96621 /* RxCocoa */ = {
			isa = XCSwiftPackageProductDependency;
			package = 2222BDBC2DAF47BE00E96621 /* XCRemoteSwiftPackageReference "RxSwift" */;
			productName = RxCocoa;
		};
		2222BDBF2DAF47BF00E96621 /* RxSwift */ = {
			isa = XCSwiftPackageProductDependency;
			package = 2222BDBC2DAF47BE00E96621 /* XCRemoteSwiftPackageReference "RxSwift" */;
			productName = RxSwift;
		};
/* End XCSwiftPackageProductDependency section */
	};
	rootObject = 2222BD432DAF27A000E96621 /* Project object */;
}
